
Microsoft Visual Studio Solution File, Format Version 12.00
# Visual Studio Version 17
VisualStudioVersion = 17.11.35327.3
MinimumVisualStudioVersion = 10.0.40219.1
Project("{FAE04EC0-301F-11D3-BF4B-00C04F79EFBC}") = "6TL", "6TL\6TL.csproj", "{C673BDF0-A47C-4F87-894E-73BA5AAE2BF2}"
EndProject
Global
	GlobalSection(SolutionConfigurationPlatforms) = preSolution
		Debug|Any CPU = Debug|Any CPU
		Release|Any CPU = Release|Any CPU
	EndGlobalSection
	GlobalSection(ProjectConfigurationPlatforms) = postSolution
		{C673BDF0-A47C-4F87-894E-73BA5AAE2BF2}.Debug|Any CPU.ActiveCfg = Debug|Any CPU
		{C673BDF0-A47C-4F87-894E-73BA5AAE2BF2}.Debug|Any CPU.Build.0 = Debug|Any CPU
		{C673BDF0-A47C-4F87-894E-73BA5AAE2BF2}.Release|Any CPU.ActiveCfg = Release|Any CPU
		{C673BDF0-A47C-4F87-894E-73BA5AAE2BF2}.Release|Any CPU.Build.0 = Release|Any CPU
	EndGlobalSection
	GlobalSection(SolutionProperties) = preSolution
		HideSolutionNode = FALSE
	EndGlobalSection
	GlobalSection(ExtensibilityGlobals) = postSolution
		SolutionGuid = {07D88DD7-BEBF-48F5-86B0-1CEDC23CA15E}
	EndGlobalSection
EndGlobal
